
Microsoft Visual Studio Solution File, Format Version 12.00
# Visual Studio Version 16
VisualStudioVersion = 16.0.30517.126
MinimumVisualStudioVersion = 10.0.40219.1
Project("{FAE04EC0-301F-11D3-BF4B-00C04F79EFBC}") = "HelloWorldAppNag", "HelloWorldAppNag\HelloWorldAppNag.csproj", "{C140B7F5-5752-4D03-9B81-E05E73BE1B28}"
EndProject
Global
	GlobalSection(SolutionConfigurationPlatforms) = preSolution
		Debug|Any CPU = Debug|Any CPU
		Release|Any CPU = Release|Any CPU
	EndGlobalSection
	GlobalSection(ProjectConfigurationPlatforms) = postSolution
		{C140B7F5-5752-4D03-9B81-E05E73BE1B28}.Debug|Any CPU.ActiveCfg = Debug|Any CPU
		{C140B7F5-5752-4D03-9B81-E05E73BE1B28}.Debug|Any CPU.Build.0 = Debug|Any CPU
		{C140B7F5-5752-4D03-9B81-E05E73BE1B28}.Release|Any CPU.ActiveCfg = Release|Any CPU
		{C140B7F5-5752-4D03-9B81-E05E73BE1B28}.Release|Any CPU.Build.0 = Release|Any CPU
	EndGlobalSection
	GlobalSection(SolutionProperties) = preSolution
		HideSolutionNode = FALSE
	EndGlobalSection
	GlobalSection(ExtensibilityGlobals) = postSolution
		SolutionGuid = {8271F323-FD86-475F-A588-FE3C2B056709}
	EndGlobalSection
EndGlobal
